
Microsoft Visual Studio Solution File, Format Version 12.00
# Visual Studio 15
VisualStudioVersion = 15.0.27130.2036
MinimumVisualStudioVersion = 10.0.40219.1
Project("{FAE04EC0-301F-11D3-BF4B-00C04F79EFBC}") = "ConAppSingleInstance", "ConAppSingleInstance\ConAppSingleInstance.csproj", "{4C97175F-0912-4912-A170-132F737F682F}"
EndProject
Global
	GlobalSection(SolutionConfigurationPlatforms) = preSolution
		Debug|Any CPU = Debug|Any CPU
		Release|Any CPU = Release|Any CPU
	EndGlobalSection
	GlobalSection(ProjectConfigurationPlatforms) = postSolution
		{4C97175F-0912-4912-A170-132F737F682F}.Debug|Any CPU.ActiveCfg = Debug|Any CPU
		{4C97175F-0912-4912-A170-132F737F682F}.Debug|Any CPU.Build.0 = Debug|Any CPU
		{4C97175F-0912-4912-A170-132F737F682F}.Release|Any CPU.ActiveCfg = Release|Any CPU
		{4C97175F-0912-4912-A170-132F737F682F}.Release|Any CPU.Build.0 = Release|Any CPU
	EndGlobalSection
	GlobalSection(SolutionProperties) = preSolution
		HideSolutionNode = FALSE
	EndGlobalSection
	GlobalSection(ExtensibilityGlobals) = postSolution
		SolutionGuid = {F5F1EF40-F07F-4470-ACF7-712C1A5D004C}
	EndGlobalSection
EndGlobal
